// !$*UTF8*$!
{
	archiveVersion = 1;
	classes = {
	};
	objectVersion = 50;
	objects = {

/* Begin PBXBuildFile section */
		0CA64940E80AAF0C4FB4FDDE /* Pods_LabLogUITests.framework in Frameworks */ = {isa = PBXBuildFile; fileRef = BFCAE35FEF390A94EB127E17 /* Pods_LabLogUITests.framework */; };
		12C65F39D843D538D6153350 /* Pods_LabLogTests.framework in Frameworks */ = {isa = PBXBuildFile; fileRef = 0AAE31FE56F7F26A449FF4B4 /* Pods_LabLogTests.framework */; };
		581D1C8BD95AE43F352AEF5B /* Pods_LabLog.framework in Frameworks */ = {isa = PBXBuildFile; fileRef = E1A84B80D1FED55DED686F8E /* Pods_LabLog.framework */; };
		66E1D12322607B9000E17BBD /* AppDelegate.swift in Sources */ = {isa = PBXBuildFile; fileRef = 66E1D12222607B9000E17BBD /* AppDelegate.swift */; };
		66E1D12522607B9000E17BBD /* ViewController.swift in Sources */ = {isa = PBXBuildFile; fileRef = 66E1D12422607B9000E17BBD /* ViewController.swift */; };
		66E1D12822607B9000E17BBD /* Main.storyboard in Resources */ = {isa = PBXBuildFile; fileRef = 66E1D12622607B9000E17BBD /* Main.storyboard */; };
		66E1D12B22607B9000E17BBD /* LabLog.xcdatamodeld in Sources */ = {isa = PBXBuildFile; fileRef = 66E1D12922607B9000E17BBD /* LabLog.xcdatamodeld */; };
		66E1D12D22607B9100E17BBD /* Assets.xcassets in Resources */ = {isa = PBXBuildFile; fileRef = 66E1D12C22607B9100E17BBD /* Assets.xcassets */; };
		66E1D13022607B9100E17BBD /* LaunchScreen.storyboard in Resources */ = {isa = PBXBuildFile; fileRef = 66E1D12E22607B9100E17BBD /* LaunchScreen.storyboard */; };
		66E1D13B22607B9100E17BBD /* LabLogTests.swift in Sources */ = {isa = PBXBuildFile; fileRef = 66E1D13A22607B9100E17BBD /* LabLogTests.swift */; };
		66E1D14622607B9100E17BBD /* LabLogUITests.swift in Sources */ = {isa = PBXBuildFile; fileRef = 66E1D14522607B9100E17BBD /* LabLogUITests.swift */; };
		66E1D154226082FF00E17BBD /* GoogleService-Info.plist in Resources */ = {isa = PBXBuildFile; fileRef = 66E1D153226082FF00E17BBD /* GoogleService-Info.plist */; };
		66E1D15622625A4100E17BBD /* PersonalScoreViewController.swift in Sources */ = {isa = PBXBuildFile; fileRef = 66E1D15522625A4100E17BBD /* PersonalScoreViewController.swift */; };
/* End PBXBuildFile section */

/* Begin PBXContainerItemProxy section */
		66E1D13722607B9100E17BBD /* PBXContainerItemProxy */ = {
			isa = PBXContainerItemProxy;
			containerPortal = 66E1D11722607B8F00E17BBD /* Project object */;
			proxyType = 1;
			remoteGlobalIDString = 66E1D11E22607B8F00E17BBD;
			remoteInfo = LabLog;
		};
		66E1D14222607B9100E17BBD /* PBXContainerItemProxy */ = {
			isa = PBXContainerItemProxy;
			containerPortal = 66E1D11722607B8F00E17BBD /* Project object */;
			proxyType = 1;
			remoteGlobalIDString = 66E1D11E22607B8F00E17BBD;
			remoteInfo = LabLog;
		};
/* End PBXContainerItemProxy section */

/* Begin PBXFileReference section */
		0AAE31FE56F7F26A449FF4B4 /* Pods_LabLogTests.framework */ = {isa = PBXFileReference; explicitFileType = wrapper.framework; includeInIndex = 0; path = Pods_LabLogTests.framework; sourceTree = BUILT_PRODUCTS_DIR; };
		66E1D11F22607B8F00E17BBD /* LabLog.app */ = {isa = PBXFileReference; explicitFileType = wrapper.application; includeInIndex = 0; path = LabLog.app; sourceTree = BUILT_PRODUCTS_DIR; };
		66E1D12222607B9000E17BBD /* AppDelegate.swift */ = {isa = PBXFileReference; lastKnownFileType = sourcecode.swift; path = AppDelegate.swift; sourceTree = "<group>"; };
		66E1D12422607B9000E17BBD /* ViewController.swift */ = {isa = PBXFileReference; lastKnownFileType = sourcecode.swift; path = ViewController.swift; sourceTree = "<group>"; };
		66E1D12722607B9000E17BBD /* Base */ = {isa = PBXFileReference; lastKnownFileType = file.storyboard; name = Base; path = Base.lproj/Main.storyboard; sourceTree = "<group>"; };
		66E1D12A22607B9000E17BBD /* LabLog.xcdatamodel */ = {isa = PBXFileReference; lastKnownFileType = wrapper.xcdatamodel; path = LabLog.xcdatamodel; sourceTree = "<group>"; };
		66E1D12C22607B9100E17BBD /* Assets.xcassets */ = {isa = PBXFileReference; lastKnownFileType = folder.assetcatalog; path = Assets.xcassets; sourceTree = "<group>"; };
		66E1D12F22607B9100E17BBD /* Base */ = {isa = PBXFileReference; lastKnownFileType = file.storyboard; name = Base; path = Base.lproj/LaunchScreen.storyboard; sourceTree = "<group>"; };
		66E1D13122607B9100E17BBD /* Info.plist */ = {isa = PBXFileReference; lastKnownFileType = text.plist.xml; path = Info.plist; sourceTree = "<group>"; };
		66E1D13622607B9100E17BBD /* LabLogTests.xctest */ = {isa = PBXFileReference; explicitFileType = wrapper.cfbundle; includeInIndex = 0; path = LabLogTests.xctest; sourceTree = BUILT_PRODUCTS_DIR; };
		66E1D13A22607B9100E17BBD /* LabLogTests.swift */ = {isa = PBXFileReference; lastKnownFileType = sourcecode.swift; path = LabLogTests.swift; sourceTree = "<group>"; };
		66E1D13C22607B9100E17BBD /* Info.plist */ = {isa = PBXFileReference; lastKnownFileType = text.plist.xml; path = Info.plist; sourceTree = "<group>"; };
		66E1D14122607B9100E17BBD /* LabLogUITests.xctest */ = {isa = PBXFileReference; explicitFileType = wrapper.cfbundle; includeInIndex = 0; path = LabLogUITests.xctest; sourceTree = BUILT_PRODUCTS_DIR; };
		66E1D14522607B9100E17BBD /* LabLogUITests.swift */ = {isa = PBXFileReference; lastKnownFileType = sourcecode.swift; path = LabLogUITests.swift; sourceTree = "<group>"; };
		66E1D14722607B9100E17BBD /* Info.plist */ = {isa = PBXFileReference; lastKnownFileType = text.plist.xml; path = Info.plist; sourceTree = "<group>"; };
		66E1D153226082FF00E17BBD /* GoogleService-Info.plist */ = {isa = PBXFileReference; fileEncoding = 4; lastKnownFileType = text.plist.xml; path = "GoogleService-Info.plist"; sourceTree = "<group>"; };
		66E1D15522625A4100E17BBD /* PersonalScoreViewController.swift */ = {isa = PBXFileReference; lastKnownFileType = sourcecode.swift; path = PersonalScoreViewController.swift; sourceTree = "<group>"; };
		80C6B9D2DA601E5D60DCD205 /* Pods-LabLog.debug.xcconfig */ = {isa = PBXFileReference; includeInIndex = 1; lastKnownFileType = text.xcconfig; name = "Pods-LabLog.debug.xcconfig"; path = "Pods/Target Support Files/Pods-LabLog/Pods-LabLog.debug.xcconfig"; sourceTree = "<group>"; };
		BFCAE35FEF390A94EB127E17 /* Pods_LabLogUITests.framework */ = {isa = PBXFileReference; explicitFileType = wrapper.framework; includeInIndex = 0; path = Pods_LabLogUITests.framework; sourceTree = BUILT_PRODUCTS_DIR; };
		CCA19EFBFD13B3E192A42DC4 /* Pods-LabLogUITests.debug.xcconfig */ = {isa = PBXFileReference; includeInIndex = 1; lastKnownFileType = text.xcconfig; name = "Pods-LabLogUITests.debug.xcconfig"; path = "Pods/Target Support Files/Pods-LabLogUITests/Pods-LabLogUITests.debug.xcconfig"; sourceTree = "<group>"; };
		D3D3E956830DE6E4A2A9E4E6 /* Pods-LabLogUITests.release.xcconfig */ = {isa = PBXFileReference; includeInIndex = 1; lastKnownFileType = text.xcconfig; name = "Pods-LabLogUITests.release.xcconfig"; path = "Pods/Target Support Files/Pods-LabLogUITests/Pods-LabLogUITests.release.xcconfig"; sourceTree = "<group>"; };
		E1A84B80D1FED55DED686F8E /* Pods_LabLog.framework */ = {isa = PBXFileReference; explicitFileType = wrapper.framework; includeInIndex = 0; path = Pods_LabLog.framework; sourceTree = BUILT_PRODUCTS_DIR; };
		E80A49EADB5E5A12324406A6 /* Pods-LabLogTests.release.xcconfig */ = {isa = PBXFileReference; includeInIndex = 1; lastKnownFileType = text.xcconfig; name = "Pods-LabLogTests.release.xcconfig"; path = "Pods/Target Support Files/Pods-LabLogTests/Pods-LabLogTests.release.xcconfig"; sourceTree = "<group>"; };
		EE843260EC1E4123EFE979B8 /* Pods-LabLog.release.xcconfig */ = {isa = PBXFileReference; includeInIndex = 1; lastKnownFileType = text.xcconfig; name = "Pods-LabLog.release.xcconfig"; path = "Pods/Target Support Files/Pods-LabLog/Pods-LabLog.release.xcconfig"; sourceTree = "<group>"; };
		FB5891A364B378E4049C4B70 /* Pods-LabLogTests.debug.xcconfig */ = {isa = PBXFileReference; includeInIndex = 1; lastKnownFileType = text.xcconfig; name = "Pods-LabLogTests.debug.xcconfig"; path = "Pods/Target Support Files/Pods-LabLogTests/Pods-LabLogTests.debug.xcconfig"; sourceTree = "<group>"; };
/* End PBXFileReference section */

/* Begin PBXFrameworksBuildPhase section */
		66E1D11C22607B8F00E17BBD /* Frameworks */ = {
			isa = PBXFrameworksBuildPhase;
			buildActionMask = 2147483647;
			files = (
				581D1C8BD95AE43F352AEF5B /* Pods_LabLog.framework in Frameworks */,
			);
			runOnlyForDeploymentPostprocessing = 0;
		};
		66E1D13322607B9100E17BBD /* Frameworks */ = {
			isa = PBXFrameworksBuildPhase;
			buildActionMask = 2147483647;
			files = (
				12C65F39D843D538D6153350 /* Pods_LabLogTests.framework in Frameworks */,
			);
			runOnlyForDeploymentPostprocessing = 0;
		};
		66E1D13E22607B9100E17BBD /* Frameworks */ = {
			isa = PBXFrameworksBuildPhase;
			buildActionMask = 2147483647;
			files = (
				0CA64940E80AAF0C4FB4FDDE /* Pods_LabLogUITests.framework in Frameworks */,
			);
			runOnlyForDeploymentPostprocessing = 0;
		};
/* End PBXFrameworksBuildPhase section */

/* Begin PBXGroup section */
		3186B680C2F115F239C05013 /* Frameworks */ = {
			isa = PBXGroup;
			children = (
				E1A84B80D1FED55DED686F8E /* Pods_LabLog.framework */,
				0AAE31FE56F7F26A449FF4B4 /* Pods_LabLogTests.framework */,
				BFCAE35FEF390A94EB127E17 /* Pods_LabLogUITests.framework */,
			);
			name = Frameworks;
			sourceTree = "<group>";
		};
		66E1D11622607B8F00E17BBD = {
			isa = PBXGroup;
			children = (
				66E1D12122607B8F00E17BBD /* LabLog */,
				66E1D13922607B9100E17BBD /* LabLogTests */,
				66E1D14422607B9100E17BBD /* LabLogUITests */,
				66E1D12022607B8F00E17BBD /* Products */,
				C578DBDEA8D3DE9665A78FCE /* Pods */,
				3186B680C2F115F239C05013 /* Frameworks */,
			);
			sourceTree = "<group>";
		};
		66E1D12022607B8F00E17BBD /* Products */ = {
			isa = PBXGroup;
			children = (
				66E1D11F22607B8F00E17BBD /* LabLog.app */,
				66E1D13622607B9100E17BBD /* LabLogTests.xctest */,
				66E1D14122607B9100E17BBD /* LabLogUITests.xctest */,
			);
			name = Products;
			sourceTree = "<group>";
		};
		66E1D12122607B8F00E17BBD /* LabLog */ = {
			isa = PBXGroup;
			children = (
				66E1D153226082FF00E17BBD /* GoogleService-Info.plist */,
				66E1D12222607B9000E17BBD /* AppDelegate.swift */,
				66E1D12422607B9000E17BBD /* ViewController.swift */,
				66E1D15522625A4100E17BBD /* PersonalScoreViewController.swift */,
				66E1D12622607B9000E17BBD /* Main.storyboard */,
				66E1D12C22607B9100E17BBD /* Assets.xcassets */,
				66E1D12E22607B9100E17BBD /* LaunchScreen.storyboard */,
				66E1D13122607B9100E17BBD /* Info.plist */,
				66E1D12922607B9000E17BBD /* LabLog.xcdatamodeld */,
			);
			path = LabLog;
			sourceTree = "<group>";
		};
		66E1D13922607B9100E17BBD /* LabLogTests */ = {
			isa = PBXGroup;
			children = (
				66E1D13A22607B9100E17BBD /* LabLogTests.swift */,
				66E1D13C22607B9100E17BBD /* Info.plist */,
			);
			path = LabLogTests;
			sourceTree = "<group>";
		};
		66E1D14422607B9100E17BBD /* LabLogUITests */ = {
			isa = PBXGroup;
			children = (
				66E1D14522607B9100E17BBD /* LabLogUITests.swift */,
				66E1D14722607B9100E17BBD /* Info.plist */,
			);
			path = LabLogUITests;
			sourceTree = "<group>";
		};
		C578DBDEA8D3DE9665A78FCE /* Pods */ = {
			isa = PBXGroup;
			children = (
				80C6B9D2DA601E5D60DCD205 /* Pods-LabLog.debug.xcconfig */,
				EE843260EC1E4123EFE979B8 /* Pods-LabLog.release.xcconfig */,
				FB5891A364B378E4049C4B70 /* Pods-LabLogTests.debug.xcconfig */,
				E80A49EADB5E5A12324406A6 /* Pods-LabLogTests.release.xcconfig */,
				CCA19EFBFD13B3E192A42DC4 /* Pods-LabLogUITests.debug.xcconfig */,
				D3D3E956830DE6E4A2A9E4E6 /* Pods-LabLogUITests.release.xcconfig */,
			);
			name = Pods;
			sourceTree = "<group>";
		};
/* End PBXGroup section */

/* Begin PBXNativeTarget section */
		66E1D11E22607B8F00E17BBD /* LabLog */ = {
			isa = PBXNativeTarget;
			buildConfigurationList = 66E1D14A22607B9100E17BBD /* Build configuration list for PBXNativeTarget "LabLog" */;
			buildPhases = (
				E92D4D5AE1F30CAF5F95DA04 /* [CP] Check Pods Manifest.lock */,
				66E1D11B22607B8F00E17BBD /* Sources */,
				66E1D11C22607B8F00E17BBD /* Frameworks */,
				66E1D11D22607B8F00E17BBD /* Resources */,
				1FBCFB7AD8FB34BB2DC5C56B /* [CP] Embed Pods Frameworks */,
			);
			buildRules = (
			);
			dependencies = (
			);
			name = LabLog;
			productName = LabLog;
			productReference = 66E1D11F22607B8F00E17BBD /* LabLog.app */;
			productType = "com.apple.product-type.application";
		};
		66E1D13522607B9100E17BBD /* LabLogTests */ = {
			isa = PBXNativeTarget;
			buildConfigurationList = 66E1D14D22607B9100E17BBD /* Build configuration list for PBXNativeTarget "LabLogTests" */;
			buildPhases = (
				AA9701BCE52581634F8B100A /* [CP] Check Pods Manifest.lock */,
				66E1D13222607B9100E17BBD /* Sources */,
				66E1D13322607B9100E17BBD /* Frameworks */,
				66E1D13422607B9100E17BBD /* Resources */,
			);
			buildRules = (
			);
			dependencies = (
				66E1D13822607B9100E17BBD /* PBXTargetDependency */,
			);
			name = LabLogTests;
			productName = LabLogTests;
			productReference = 66E1D13622607B9100E17BBD /* LabLogTests.xctest */;
			productType = "com.apple.product-type.bundle.unit-test";
		};
		66E1D14022607B9100E17BBD /* LabLogUITests */ = {
			isa = PBXNativeTarget;
			buildConfigurationList = 66E1D15022607B9100E17BBD /* Build configuration list for PBXNativeTarget "LabLogUITests" */;
			buildPhases = (
				5F487EE1D0955A6B1F234CCB /* [CP] Check Pods Manifest.lock */,
				66E1D13D22607B9100E17BBD /* Sources */,
				66E1D13E22607B9100E17BBD /* Frameworks */,
				66E1D13F22607B9100E17BBD /* Resources */,
			);
			buildRules = (
			);
			dependencies = (
				66E1D14322607B9100E17BBD /* PBXTargetDependency */,
			);
			name = LabLogUITests;
			productName = LabLogUITests;
			productReference = 66E1D14122607B9100E17BBD /* LabLogUITests.xctest */;
			productType = "com.apple.product-type.bundle.ui-testing";
		};
/* End PBXNativeTarget section */

/* Begin PBXProject section */
		66E1D11722607B8F00E17BBD /* Project object */ = {
			isa = PBXProject;
			attributes = {
				LastSwiftUpdateCheck = 1010;
				LastUpgradeCheck = 1010;
				ORGANIZATIONNAME = TakumiObayashi;
				TargetAttributes = {
					66E1D11E22607B8F00E17BBD = {
						CreatedOnToolsVersion = 10.1;
					};
					66E1D13522607B9100E17BBD = {
						CreatedOnToolsVersion = 10.1;
						TestTargetID = 66E1D11E22607B8F00E17BBD;
					};
					66E1D14022607B9100E17BBD = {
						CreatedOnToolsVersion = 10.1;
						TestTargetID = 66E1D11E22607B8F00E17BBD;
					};
				};
			};
			buildConfigurationList = 66E1D11A22607B8F00E17BBD /* Build configuration list for PBXProject "LabLog" */;
			compatibilityVersion = "Xcode 9.3";
			developmentRegion = en;
			hasScannedForEncodings = 0;
			knownRegions = (
				en,
				Base,
			);
			mainGroup = 66E1D11622607B8F00E17BBD;
			productRefGroup = 66E1D12022607B8F00E17BBD /* Products */;
			projectDirPath = "";
			projectRoot = "";
			targets = (
				66E1D11E22607B8F00E17BBD /* LabLog */,
				66E1D13522607B9100E17BBD /* LabLogTests */,
				66E1D14022607B9100E17BBD /* LabLogUITests */,
			);
		};
/* End PBXProject section */

/* Begin PBXResourcesBuildPhase section */
		66E1D11D22607B8F00E17BBD /* Resources */ = {
			isa = PBXResourcesBuildPhase;
			buildActionMask = 2147483647;
			files = (
				66E1D13022607B9100E17BBD /* LaunchScreen.storyboard in Resources */,
				66E1D154226082FF00E17BBD /* GoogleService-Info.plist in Resources */,
				66E1D12D22607B9100E17BBD /* Assets.xcassets in Resources */,
				66E1D12822607B9000E17BBD /* Main.storyboard in Resources */,
			);
			runOnlyForDeploymentPostprocessing = 0;
		};
		66E1D13422607B9100E17BBD /* Resources */ = {
			isa = PBXResourcesBuildPhase;
			buildActionMask = 2147483647;
			files = (
			);
			runOnlyForDeploymentPostprocessing = 0;
		};
		66E1D13F22607B9100E17BBD /* Resources */ = {
			isa = PBXResourcesBuildPhase;
			buildActionMask = 2147483647;
			files = (
			);
			runOnlyForDeploymentPostprocessing = 0;
		};
/* End PBXResourcesBuildPhase section */

/* Begin PBXShellScriptBuildPhase section */
		1FBCFB7AD8FB34BB2DC5C56B /* [CP] Embed Pods Frameworks */ = {
			isa = PBXShellScriptBuildPhase;
			buildActionMask = 2147483647;
			files = (
			);
			inputPaths = (
				"${SRCROOT}/Pods/Target Support Files/Pods-LabLog/Pods-LabLog-frameworks.sh",
				"${BUILT_PRODUCTS_DIR}/GoogleUtilities/GoogleUtilities.framework",
				"${BUILT_PRODUCTS_DIR}/leveldb-library/leveldb.framework",
				"${BUILT_PRODUCTS_DIR}/nanopb/nanopb.framework",
			);
			name = "[CP] Embed Pods Frameworks";
			outputPaths = (
				"${TARGET_BUILD_DIR}/${FRAMEWORKS_FOLDER_PATH}/GoogleUtilities.framework",
				"${TARGET_BUILD_DIR}/${FRAMEWORKS_FOLDER_PATH}/leveldb.framework",
				"${TARGET_BUILD_DIR}/${FRAMEWORKS_FOLDER_PATH}/nanopb.framework",
			);
			runOnlyForDeploymentPostprocessing = 0;
			shellPath = /bin/sh;
			shellScript = "\"${SRCROOT}/Pods/Target Support Files/Pods-LabLog/Pods-LabLog-frameworks.sh\"\n";
			showEnvVarsInLog = 0;
		};
		5F487EE1D0955A6B1F234CCB /* [CP] Check Pods Manifest.lock */ = {
			isa = PBXShellScriptBuildPhase;
			buildActionMask = 2147483647;
			files = (
			);
			inputPaths = (
				"${PODS_PODFILE_DIR_PATH}/Podfile.lock",
				"${PODS_ROOT}/Manifest.lock",
			);
			name = "[CP] Check Pods Manifest.lock";
			outputPaths = (
				"$(DERIVED_FILE_DIR)/Pods-LabLogUITests-checkManifestLockResult.txt",
			);
			runOnlyForDeploymentPostprocessing = 0;
			shellPath = /bin/sh;
			shellScript = "diff \"${PODS_PODFILE_DIR_PATH}/Podfile.lock\" \"${PODS_ROOT}/Manifest.lock\" > /dev/null\nif [ $? != 0 ] ; then\n    # print error to STDERR\n    echo \"error: The sandbox is not in sync with the Podfile.lock. Run 'pod install' or update your CocoaPods installation.\" >&2\n    exit 1\nfi\n# This output is used by Xcode 'outputs' to avoid re-running this script phase.\necho \"SUCCESS\" > \"${SCRIPT_OUTPUT_FILE_0}\"\n";
			showEnvVarsInLog = 0;
		};
		AA9701BCE52581634F8B100A /* [CP] Check Pods Manifest.lock */ = {
			isa = PBXShellScriptBuildPhase;
			buildActionMask = 2147483647;
			files = (
			);
			inputPaths = (
				"${PODS_PODFILE_DIR_PATH}/Podfile.lock",
				"${PODS_ROOT}/Manifest.lock",
			);
			name = "[CP] Check Pods Manifest.lock";
			outputPaths = (
				"$(DERIVED_FILE_DIR)/Pods-LabLogTests-checkManifestLockResult.txt",
			);
			runOnlyForDeploymentPostprocessing = 0;
			shellPath = /bin/sh;
			shellScript = "diff \"${PODS_PODFILE_DIR_PATH}/Podfile.lock\" \"${PODS_ROOT}/Manifest.lock\" > /dev/null\nif [ $? != 0 ] ; then\n    # print error to STDERR\n    echo \"error: The sandbox is not in sync with the Podfile.lock. Run 'pod install' or update your CocoaPods installation.\" >&2\n    exit 1\nfi\n# This output is used by Xcode 'outputs' to avoid re-running this script phase.\necho \"SUCCESS\" > \"${SCRIPT_OUTPUT_FILE_0}\"\n";
			showEnvVarsInLog = 0;
		};
		E92D4D5AE1F30CAF5F95DA04 /* [CP] Check Pods Manifest.lock */ = {
			isa = PBXShellScriptBuildPhase;
			buildActionMask = 2147483647;
			files = (
			);
			inputPaths = (
				"${PODS_PODFILE_DIR_PATH}/Podfile.lock",
				"${PODS_ROOT}/Manifest.lock",
			);
			name = "[CP] Check Pods Manifest.lock";
			outputPaths = (
				"$(DERIVED_FILE_DIR)/Pods-LabLog-checkManifestLockResult.txt",
			);
			runOnlyForDeploymentPostprocessing = 0;
			shellPath = /bin/sh;
			shellScript = "diff \"${PODS_PODFILE_DIR_PATH}/Podfile.lock\" \"${PODS_ROOT}/Manifest.lock\" > /dev/null\nif [ $? != 0 ] ; then\n    # print error to STDERR\n    echo \"error: The sandbox is not in sync with the Podfile.lock. Run 'pod install' or update your CocoaPods installation.\" >&2\n    exit 1\nfi\n# This output is used by Xcode 'outputs' to avoid re-running this script phase.\necho \"SUCCESS\" > \"${SCRIPT_OUTPUT_FILE_0}\"\n";
			showEnvVarsInLog = 0;
		};
/* End PBXShellScriptBuildPhase section */

/* Begin PBXSourcesBuildPhase section */
		66E1D11B22607B8F00E17BBD /* Sources */ = {
			isa = PBXSourcesBuildPhase;
			buildActionMask = 2147483647;
			files = (
				66E1D12B22607B9000E17BBD /* LabLog.xcdatamodeld in Sources */,
				66E1D15622625A4100E17BBD /* PersonalScoreViewController.swift in Sources */,
				66E1D12522607B9000E17BBD /* ViewController.swift in Sources */,
				66E1D12322607B9000E17BBD /* AppDelegate.swift in Sources */,
			);
			runOnlyForDeploymentPostprocessing = 0;
		};
		66E1D13222607B9100E17BBD /* Sources */ = {
			isa = PBXSourcesBuildPhase;
			buildActionMask = 2147483647;
			files = (
				66E1D13B22607B9100E17BBD /* LabLogTests.swift in Sources */,
			);
			runOnlyForDeploymentPostprocessing = 0;
		};
		66E1D13D22607B9100E17BBD /* Sources */ = {
			isa = PBXSourcesBuildPhase;
			buildActionMask = 2147483647;
			files = (
				66E1D14622607B9100E17BBD /* LabLogUITests.swift in Sources */,
			);
			runOnlyForDeploymentPostprocessing = 0;
		};
/* End PBXSourcesBuildPhase section */

/* Begin PBXTargetDependency section */
		66E1D13822607B9100E17BBD /* PBXTargetDependency */ = {
			isa = PBXTargetDependency;
			target = 66E1D11E22607B8F00E17BBD /* LabLog */;
			targetProxy = 66E1D13722607B9100E17BBD /* PBXContainerItemProxy */;
		};
		66E1D14322607B9100E17BBD /* PBXTargetDependency */ = {
			isa = PBXTargetDependency;
			target = 66E1D11E22607B8F00E17BBD /* LabLog */;
			targetProxy = 66E1D14222607B9100E17BBD /* PBXContainerItemProxy */;
		};
/* End PBXTargetDependency section */

/* Begin PBXVariantGroup section */
		66E1D12622607B9000E17BBD /* Main.storyboard */ = {
			isa = PBXVariantGroup;
			children = (
				66E1D12722607B9000E17BBD /* Base */,
			);
			name = Main.storyboard;
			sourceTree = "<group>";
		};
		66E1D12E22607B9100E17BBD /* LaunchScreen.storyboard */ = {
			isa = PBXVariantGroup;
			children = (
				66E1D12F22607B9100E17BBD /* Base */,
			);
			name = LaunchScreen.storyboard;
			sourceTree = "<group>";
		};
/* End PBXVariantGroup section */

/* Begin XCBuildConfiguration section */
		66E1D14822607B9100E17BBD /* Debug */ = {
			isa = XCBuildConfiguration;
			buildSettings = {
				ALWAYS_SEARCH_USER_PATHS = NO;
				CLANG_ANALYZER_NONNULL = YES;
				CLANG_ANALYZER_NUMBER_OBJECT_CONVERSION = YES_AGGRESSIVE;
				CLANG_CXX_LANGUAGE_STANDARD = "gnu++14";
				CLANG_CXX_LIBRARY = "libc++";
				CLANG_ENABLE_MODULES = YES;
				CLANG_ENABLE_OBJC_ARC = YES;
				CLANG_ENABLE_OBJC_WEAK = YES;
				CLANG_WARN_BLOCK_CAPTURE_AUTORELEASING = YES;
				CLANG_WARN_BOOL_CONVERSION = YES;
				CLANG_WARN_COMMA = YES;
				CLANG_WARN_CONSTANT_CONVERSION = YES;
				CLANG_WARN_DEPRECATED_OBJC_IMPLEMENTATIONS = YES;
				CLANG_WARN_DIRECT_OBJC_ISA_USAGE = YES_ERROR;
				CLANG_WARN_DOCUMENTATION_COMMENTS = YES;
				CLANG_WARN_EMPTY_BODY = YES;
				CLANG_WARN_ENUM_CONVERSION = YES;
				CLANG_WARN_INFINITE_RECURSION = YES;
				CLANG_WARN_INT_CONVERSION = YES;
				CLANG_WARN_NON_LITERAL_NULL_CONVERSION = YES;
				CLANG_WARN_OBJC_IMPLICIT_RETAIN_SELF = YES;
				CLANG_WARN_OBJC_LITERAL_CONVERSION = YES;
				CLANG_WARN_OBJC_ROOT_CLASS = YES_ERROR;
				CLANG_WARN_RANGE_LOOP_ANALYSIS = YES;
				CLANG_WARN_STRICT_PROTOTYPES = YES;
				CLANG_WARN_SUSPICIOUS_MOVE = YES;
				CLANG_WARN_UNGUARDED_AVAILABILITY = YES_AGGRESSIVE;
				CLANG_WARN_UNREACHABLE_CODE = YES;
				CLANG_WARN__DUPLICATE_METHOD_MATCH = YES;
				CODE_SIGN_IDENTITY = "iPhone Developer";
				COPY_PHASE_STRIP = NO;
				DEBUG_INFORMATION_FORMAT = dwarf;
				ENABLE_STRICT_OBJC_MSGSEND = YES;
				ENABLE_TESTABILITY = YES;
				GCC_C_LANGUAGE_STANDARD = gnu11;
				GCC_DYNAMIC_NO_PIC = NO;
				GCC_NO_COMMON_BLOCKS = YES;
				GCC_OPTIMIZATION_LEVEL = 0;
				GCC_PREPROCESSOR_DEFINITIONS = (
					"DEBUG=1",
					"$(inherited)",
				);
				GCC_WARN_64_TO_32_BIT_CONVERSION = YES;
				GCC_WARN_ABOUT_RETURN_TYPE = YES_ERROR;
				GCC_WARN_UNDECLARED_SELECTOR = YES;
				GCC_WARN_UNINITIALIZED_AUTOS = YES_AGGRESSIVE;
				GCC_WARN_UNUSED_FUNCTION = YES;
				GCC_WARN_UNUSED_VARIABLE = YES;
				IPHONEOS_DEPLOYMENT_TARGET = 12.1;
				MTL_ENABLE_DEBUG_INFO = INCLUDE_SOURCE;
				MTL_FAST_MATH = YES;
				ONLY_ACTIVE_ARCH = YES;
				SDKROOT = iphoneos;
				SWIFT_ACTIVE_COMPILATION_CONDITIONS = DEBUG;
				SWIFT_OPTIMIZATION_LEVEL = "-Onone";
			};
			name = Debug;
		};
		66E1D14922607B9100E17BBD /* Release */ = {
			isa = XCBuildConfiguration;
			buildSettings = {
				ALWAYS_SEARCH_USER_PATHS = NO;
				CLANG_ANALYZER_NONNULL = YES;
				CLANG_ANALYZER_NUMBER_OBJECT_CONVERSION = YES_AGGRESSIVE;
				CLANG_CXX_LANGUAGE_STANDARD = "gnu++14";
				CLANG_CXX_LIBRARY = "libc++";
				CLANG_ENABLE_MODULES = YES;
				CLANG_ENABLE_OBJC_ARC = YES;
				CLANG_ENABLE_OBJC_WEAK = YES;
				CLANG_WARN_BLOCK_CAPTURE_AUTORELEASING = YES;
				CLANG_WARN_BOOL_CONVERSION = YES;
				CLANG_WARN_COMMA = YES;
				CLANG_WARN_CONSTANT_CONVERSION = YES;
				CLANG_WARN_DEPRECATED_OBJC_IMPLEMENTATIONS = YES;
				CLANG_WARN_DIRECT_OBJC_ISA_USAGE = YES_ERROR;
				CLANG_WARN_DOCUMENTATION_COMMENTS = YES;
				CLANG_WARN_EMPTY_BODY = YES;
				CLANG_WARN_ENUM_CONVERSION = YES;
				CLANG_WARN_INFINITE_RECURSION = YES;
				CLANG_WARN_INT_CONVERSION = YES;
				CLANG_WARN_NON_LITERAL_NULL_CONVERSION = YES;
				CLANG_WARN_OBJC_IMPLICIT_RETAIN_SELF = YES;
				CLANG_WARN_OBJC_LITERAL_CONVERSION = YES;
				CLANG_WARN_OBJC_ROOT_CLASS = YES_ERROR;
				CLANG_WARN_RANGE_LOOP_ANALYSIS = YES;
				CLANG_WARN_STRICT_PROTOTYPES = YES;
				CLANG_WARN_SUSPICIOUS_MOVE = YES;
				CLANG_WARN_UNGUARDED_AVAILABILITY = YES_AGGRESSIVE;
				CLANG_WARN_UNREACHABLE_CODE = YES;
				CLANG_WARN__DUPLICATE_METHOD_MATCH = YES;
				CODE_SIGN_IDENTITY = "iPhone Developer";
				COPY_PHASE_STRIP = NO;
				DEBUG_INFORMATION_FORMAT = "dwarf-with-dsym";
				ENABLE_NS_ASSERTIONS = NO;
				ENABLE_STRICT_OBJC_MSGSEND = YES;
				GCC_C_LANGUAGE_STANDARD = gnu11;
				GCC_NO_COMMON_BLOCKS = YES;
				GCC_WARN_64_TO_32_BIT_CONVERSION = YES;
				GCC_WARN_ABOUT_RETURN_TYPE = YES_ERROR;
				GCC_WARN_UNDECLARED_SELECTOR = YES;
				GCC_WARN_UNINITIALIZED_AUTOS = YES_AGGRESSIVE;
				GCC_WARN_UNUSED_FUNCTION = YES;
				GCC_WARN_UNUSED_VARIABLE = YES;
				IPHONEOS_DEPLOYMENT_TARGET = 12.1;
				MTL_ENABLE_DEBUG_INFO = NO;
				MTL_FAST_MATH = YES;
				SDKROOT = iphoneos;
				SWIFT_COMPILATION_MODE = wholemodule;
				SWIFT_OPTIMIZATION_LEVEL = "-O";
				VALIDATE_PRODUCT = YES;
			};
			name = Release;
		};
		66E1D14B22607B9100E17BBD /* Debug */ = {
			isa = XCBuildConfiguration;
			baseConfigurationReference = 80C6B9D2DA601E5D60DCD205 /* Pods-LabLog.debug.xcconfig */;
			buildSettings = {
				ASSETCATALOG_COMPILER_APPICON_NAME = AppIcon;
				CODE_SIGN_IDENTITY = "iPhone Developer";
				CODE_SIGN_STYLE = Automatic;
				DEVELOPMENT_TEAM = 6JB2SDQGN3;
				INFOPLIST_FILE = LabLog/Info.plist;
				LD_RUNPATH_SEARCH_PATHS = (
					"$(inherited)",
					"@executable_path/Frameworks",
				);
				PRODUCT_BUNDLE_IDENTIFIER = LabLog.opu.sanken;
				PRODUCT_NAME = "$(TARGET_NAME)";
				PROVISIONING_PROFILE_SPECIFIER = "";
				SWIFT_VERSION = 4.2;
				TARGETED_DEVICE_FAMILY = "1,2";
			};
			name = Debug;
		};
		66E1D14C22607B9100E17BBD /* Release */ = {
			isa = XCBuildConfiguration;
			baseConfigurationReference = EE843260EC1E4123EFE979B8 /* Pods-LabLog.release.xcconfig */;
			buildSettings = {
				ASSETCATALOG_COMPILER_APPICON_NAME = AppIcon;
				CODE_SIGN_IDENTITY = "iPhone Developer";
				CODE_SIGN_STYLE = Automatic;
				DEVELOPMENT_TEAM = 6JB2SDQGN3;
				INFOPLIST_FILE = LabLog/Info.plist;
				LD_RUNPATH_SEARCH_PATHS = (
					"$(inherited)",
					"@executable_path/Frameworks",
				);
				PRODUCT_BUNDLE_IDENTIFIER = LabLog.opu.sanken;
				PRODUCT_NAME = "$(TARGET_NAME)";
				PROVISIONING_PROFILE_SPECIFIER = "";
				SWIFT_VERSION = 4.2;
				TARGETED_DEVICE_FAMILY = "1,2";
			};
			name = Release;
		};
		66E1D14E22607B9100E17BBD /* Debug */ = {
			isa = XCBuildConfiguration;
			baseConfigurationReference = FB5891A364B378E4049C4B70 /* Pods-LabLogTests.debug.xcconfig */;
			buildSettings = {
				ALWAYS_EMBED_SWIFT_STANDARD_LIBRARIES = YES;
				BUNDLE_LOADER = "$(TEST_HOST)";
				CODE_SIGN_STYLE = Automatic;
				DEVELOPMENT_TEAM = 6JB2SDQGN3;
				INFOPLIST_FILE = LabLogTests/Info.plist;
				LD_RUNPATH_SEARCH_PATHS = (
					"$(inherited)",
					"@executable_path/Frameworks",
					"@loader_path/Frameworks",
				);
				PRODUCT_BUNDLE_IDENTIFIER = TakumiObayashi.LabLogTests;
				PRODUCT_NAME = "$(TARGET_NAME)";
				SWIFT_VERSION = 4.2;
				TARGETED_DEVICE_FAMILY = "1,2";
				TEST_HOST = "$(BUILT_PRODUCTS_DIR)/LabLog.app/LabLog";
			};
			name = Debug;
		};
		66E1D14F22607B9100E17BBD /* Release */ = {
			isa = XCBuildConfiguration;
			baseConfigurationReference = E80A49EADB5E5A12324406A6 /* Pods-LabLogTests.release.xcconfig */;
			buildSettings = {
				ALWAYS_EMBED_SWIFT_STANDARD_LIBRARIES = YES;
				BUNDLE_LOADER = "$(TEST_HOST)";
				CODE_SIGN_STYLE = Automatic;
				DEVELOPMENT_TEAM = 6JB2SDQGN3;
				INFOPLIST_FILE = LabLogTests/Info.plist;
				LD_RUNPATH_SEARCH_PATHS = (
					"$(inherited)",
					"@executable_path/Frameworks",
					"@loader_path/Frameworks",
				);
				PRODUCT_BUNDLE_IDENTIFIER = TakumiObayashi.LabLogTests;
				PRODUCT_NAME = "$(TARGET_NAME)";
				SWIFT_VERSION = 4.2;
				TARGETED_DEVICE_FAMILY = "1,2";
				TEST_HOST = "$(BUILT_PRODUCTS_DIR)/LabLog.app/LabLog";
			};
			name = Release;
		};
		66E1D15122607B9100E17BBD /* Debug */ = {
			isa = XCBuildConfiguration;
			baseConfigurationReference = CCA19EFBFD13B3E192A42DC4 /* Pods-LabLogUITests.debug.xcconfig */;
			buildSettings = {
				ALWAYS_EMBED_SWIFT_STANDARD_LIBRARIES = YES;
				CODE_SIGN_STYLE = Automatic;
				DEVELOPMENT_TEAM = 6JB2SDQGN3;
				INFOPLIST_FILE = LabLogUITests/Info.plist;
				LD_RUNPATH_SEARCH_PATHS = (
					"$(inherited)",
					"@executable_path/Frameworks",
					"@loader_path/Frameworks",
				);
				PRODUCT_BUNDLE_IDENTIFIER = TakumiObayashi.LabLogUITests;
				PRODUCT_NAME = "$(TARGET_NAME)";
				SWIFT_VERSION = 4.2;
				TARGETED_DEVICE_FAMILY = "1,2";
				TEST_TARGET_NAME = LabLog;
			};
			name = Debug;
		};
		66E1D15222607B9100E17BBD /* Release */ = {
			isa = XCBuildConfiguration;
			baseConfigurationReference = D3D3E956830DE6E4A2A9E4E6 /* Pods-LabLogUITests.release.xcconfig */;
			buildSettings = {
				ALWAYS_EMBED_SWIFT_STANDARD_LIBRARIES = YES;
				CODE_SIGN_STYLE = Automatic;
				DEVELOPMENT_TEAM = 6JB2SDQGN3;
				INFOPLIST_FILE = LabLogUITests/Info.plist;
				LD_RUNPATH_SEARCH_PATHS = (
					"$(inherited)",
					"@executable_path/Frameworks",
					"@loader_path/Frameworks",
				);
				PRODUCT_BUNDLE_IDENTIFIER = TakumiObayashi.LabLogUITests;
				PRODUCT_NAME = "$(TARGET_NAME)";
				SWIFT_VERSION = 4.2;
				TARGETED_DEVICE_FAMILY = "1,2";
				TEST_TARGET_NAME = LabLog;
			};
			name = Release;
		};
/* End XCBuildConfiguration section */

/* Begin XCConfigurationList section */
		66E1D11A22607B8F00E17BBD /* Build configuration list for PBXProject "LabLog" */ = {
			isa = XCConfigurationList;
			buildConfigurations = (
				66E1D14822607B9100E17BBD /* Debug */,
				66E1D14922607B9100E17BBD /* Release */,
			);
			defaultConfigurationIsVisible = 0;
			defaultConfigurationName = Release;
		};
		66E1D14A22607B9100E17BBD /* Build configuration list for PBXNativeTarget "LabLog" */ = {
			isa = XCConfigurationList;
			buildConfigurations = (
				66E1D14B22607B9100E17BBD /* Debug */,
				66E1D14C22607B9100E17BBD /* Release */,
			);
			defaultConfigurationIsVisible = 0;
			defaultConfigurationName = Release;
		};
		66E1D14D22607B9100E17BBD /* Build configuration list for PBXNativeTarget "LabLogTests" */ = {
			isa = XCConfigurationList;
			buildConfigurations = (
				66E1D14E22607B9100E17BBD /* Debug */,
				66E1D14F22607B9100E17BBD /* Release */,
			);
			defaultConfigurationIsVisible = 0;
			defaultConfigurationName = Release;
		};
		66E1D15022607B9100E17BBD /* Build configuration list for PBXNativeTarget "LabLogUITests" */ = {
			isa = XCConfigurationList;
			buildConfigurations = (
				66E1D15122607B9100E17BBD /* Debug */,
				66E1D15222607B9100E17BBD /* Release */,
			);
			defaultConfigurationIsVisible = 0;
			defaultConfigurationName = Release;
		};
/* End XCConfigurationList section */

/* Begin XCVersionGroup section */
		66E1D12922607B9000E17BBD /* LabLog.xcdatamodeld */ = {
			isa = XCVersionGroup;
			children = (
				66E1D12A22607B9000E17BBD /* LabLog.xcdatamodel */,
			);
			currentVersion = 66E1D12A22607B9000E17BBD /* LabLog.xcdatamodel */;
			path = LabLog.xcdatamodeld;
			sourceTree = "<group>";
			versionGroupType = wrapper.xcdatamodel;
		};
/* End XCVersionGroup section */
	};
	rootObject = 66E1D11722607B8F00E17BBD /* Project object */;
}
